
Microsoft Visual Studio Solution File, Format Version 12.00
Project("{FAE04EC0-301F-11D3-BF4B-00C04F79EFBC}") = "NexNet.Library", "src\NexNet.Library\NexNet.Library.csproj", "{19FB00A3-508A-49DF-80A6-DCAB00FBEACE}"
EndProject
Global
	GlobalSection(SolutionConfigurationPlatforms) = preSolution
		Debug|Any CPU = Debug|Any CPU
		Release|Any CPU = Release|Any CPU
	EndGlobalSection
	GlobalSection(ProjectConfigurationPlatforms) = postSolution
		{19FB00A3-508A-49DF-80A6-DCAB00FBEACE}.Debug|Any CPU.ActiveCfg = Debug|Any CPU
		{19FB00A3-508A-49DF-80A6-DCAB00FBEACE}.Debug|Any CPU.Build.0 = Debug|Any CPU
		{19FB00A3-508A-49DF-80A6-DCAB00FBEACE}.Release|Any CPU.ActiveCfg = Release|Any CPU
		{19FB00A3-508A-49DF-80A6-DCAB00FBEACE}.Release|Any CPU.Build.0 = Release|Any CPU
	EndGlobalSection
EndGlobal
